
Microsoft Visual Studio Solution File, Format Version 12.00
# Visual Studio Version 17
VisualStudioVersion = 17.0.31903.59
MinimumVisualStudioVersion = 10.0.40219.1
Project("{2150E333-8FDC-42A3-9474-1A3956D46DE8}") = "src", "src", "{827E0CD3-B72D-47B6-A68D-7590B98EB39B}"
EndProject
Project("{FAE04EC0-301F-11D3-BF4B-00C04F79EFBC}") = "Ecommerce.Api", "src\Ecommerce.Api\Ecommerce.Api.csproj", "{813D868D-26A9-4EB9-9B00-A64FE69F6BD6}"
EndProject
Project("{FAE04EC0-301F-11D3-BF4B-00C04F79EFBC}") = "Ecommerce.Core", "src\Ecommerce.Core\Ecommerce.Core.csproj", "{388D23AF-9AE5-498C-A4C7-BCBDAE386BED}"
EndProject
Project("{FAE04EC0-301F-11D3-BF4B-00C04F79EFBC}") = "Ecommerce.Infrastructure", "src\Ecommerce.Infrastructure\Ecommerce.Infrastructure.csproj", "{DF3E19E1-B3C0-471B-B8E7-078FA6B63580}"
EndProject
Project("{FAE04EC0-301F-11D3-BF4B-00C04F79EFBC}") = "Ecommerce.Application", "src\Ecommerce.Application\Ecommerce.Application.csproj", "{43B1B714-EBCC-4FFF-9852-790E4F1DCC04}"
EndProject
Global
	GlobalSection(SolutionConfigurationPlatforms) = preSolution
		Debug|Any CPU = Debug|Any CPU
		Debug|x64 = Debug|x64
		Debug|x86 = Debug|x86
		Release|Any CPU = Release|Any CPU
		Release|x64 = Release|x64
		Release|x86 = Release|x86
	EndGlobalSection
	GlobalSection(ProjectConfigurationPlatforms) = postSolution
		{813D868D-26A9-4EB9-9B00-A64FE69F6BD6}.Debug|Any CPU.ActiveCfg = Debug|Any CPU
		{813D868D-26A9-4EB9-9B00-A64FE69F6BD6}.Debug|Any CPU.Build.0 = Debug|Any CPU
		{813D868D-26A9-4EB9-9B00-A64FE69F6BD6}.Debug|x64.ActiveCfg = Debug|Any CPU
		{813D868D-26A9-4EB9-9B00-A64FE69F6BD6}.Debug|x64.Build.0 = Debug|Any CPU
		{813D868D-26A9-4EB9-9B00-A64FE69F6BD6}.Debug|x86.ActiveCfg = Debug|Any CPU
		{813D868D-26A9-4EB9-9B00-A64FE69F6BD6}.Debug|x86.Build.0 = Debug|Any CPU
		{813D868D-26A9-4EB9-9B00-A64FE69F6BD6}.Release|Any CPU.ActiveCfg = Release|Any CPU
		{813D868D-26A9-4EB9-9B00-A64FE69F6BD6}.Release|Any CPU.Build.0 = Release|Any CPU
		{813D868D-26A9-4EB9-9B00-A64FE69F6BD6}.Release|x64.ActiveCfg = Release|Any CPU
		{813D868D-26A9-4EB9-9B00-A64FE69F6BD6}.Release|x64.Build.0 = Release|Any CPU
		{813D868D-26A9-4EB9-9B00-A64FE69F6BD6}.Release|x86.ActiveCfg = Release|Any CPU
		{813D868D-26A9-4EB9-9B00-A64FE69F6BD6}.Release|x86.Build.0 = Release|Any CPU
		{388D23AF-9AE5-498C-A4C7-BCBDAE386BED}.Debug|Any CPU.ActiveCfg = Debug|Any CPU
		{388D23AF-9AE5-498C-A4C7-BCBDAE386BED}.Debug|Any CPU.Build.0 = Debug|Any CPU
		{388D23AF-9AE5-498C-A4C7-BCBDAE386BED}.Debug|x64.ActiveCfg = Debug|Any CPU
		{388D23AF-9AE5-498C-A4C7-BCBDAE386BED}.Debug|x64.Build.0 = Debug|Any CPU
		{388D23AF-9AE5-498C-A4C7-BCBDAE386BED}.Debug|x86.ActiveCfg = Debug|Any CPU
		{388D23AF-9AE5-498C-A4C7-BCBDAE386BED}.Debug|x86.Build.0 = Debug|Any CPU
		{388D23AF-9AE5-498C-A4C7-BCBDAE386BED}.Release|Any CPU.ActiveCfg = Release|Any CPU
		{388D23AF-9AE5-498C-A4C7-BCBDAE386BED}.Release|Any CPU.Build.0 = Release|Any CPU
		{388D23AF-9AE5-498C-A4C7-BCBDAE386BED}.Release|x64.ActiveCfg = Release|Any CPU
		{388D23AF-9AE5-498C-A4C7-BCBDAE386BED}.Release|x64.Build.0 = Release|Any CPU
		{388D23AF-9AE5-498C-A4C7-BCBDAE386BED}.Release|x86.ActiveCfg = Release|Any CPU
		{388D23AF-9AE5-498C-A4C7-BCBDAE386BED}.Release|x86.Build.0 = Release|Any CPU
		{DF3E19E1-B3C0-471B-B8E7-078FA6B63580}.Debug|Any CPU.ActiveCfg = Debug|Any CPU
		{DF3E19E1-B3C0-471B-B8E7-078FA6B63580}.Debug|Any CPU.Build.0 = Debug|Any CPU
		{DF3E19E1-B3C0-471B-B8E7-078FA6B63580}.Debug|x64.ActiveCfg = Debug|Any CPU
		{DF3E19E1-B3C0-471B-B8E7-078FA6B63580}.Debug|x64.Build.0 = Debug|Any CPU
		{DF3E19E1-B3C0-471B-B8E7-078FA6B63580}.Debug|x86.ActiveCfg = Debug|Any CPU
		{DF3E19E1-B3C0-471B-B8E7-078FA6B63580}.Debug|x86.Build.0 = Debug|Any CPU
		{DF3E19E1-B3C0-471B-B8E7-078FA6B63580}.Release|Any CPU.ActiveCfg = Release|Any CPU
		{DF3E19E1-B3C0-471B-B8E7-078FA6B63580}.Release|Any CPU.Build.0 = Release|Any CPU
		{DF3E19E1-B3C0-471B-B8E7-078FA6B63580}.Release|x64.ActiveCfg = Release|Any CPU
		{DF3E19E1-B3C0-471B-B8E7-078FA6B63580}.Release|x64.Build.0 = Release|Any CPU
		{DF3E19E1-B3C0-471B-B8E7-078FA6B63580}.Release|x86.ActiveCfg = Release|Any CPU
		{DF3E19E1-B3C0-471B-B8E7-078FA6B63580}.Release|x86.Build.0 = Release|Any CPU
		{43B1B714-EBCC-4FFF-9852-790E4F1DCC04}.Debug|Any CPU.ActiveCfg = Debug|Any CPU
		{43B1B714-EBCC-4FFF-9852-790E4F1DCC04}.Debug|Any CPU.Build.0 = Debug|Any CPU
		{43B1B714-EBCC-4FFF-9852-790E4F1DCC04}.Debug|x64.ActiveCfg = Debug|Any CPU
		{43B1B714-EBCC-4FFF-9852-790E4F1DCC04}.Debug|x64.Build.0 = Debug|Any CPU
		{43B1B714-EBCC-4FFF-9852-790E4F1DCC04}.Debug|x86.ActiveCfg = Debug|Any CPU
		{43B1B714-EBCC-4FFF-9852-790E4F1DCC04}.Debug|x86.Build.0 = Debug|Any CPU
		{43B1B714-EBCC-4FFF-9852-790E4F1DCC04}.Release|Any CPU.ActiveCfg = Release|Any CPU
		{43B1B714-EBCC-4FFF-9852-790E4F1DCC04}.Release|Any CPU.Build.0 = Release|Any CPU
		{43B1B714-EBCC-4FFF-9852-790E4F1DCC04}.Release|x64.ActiveCfg = Release|Any CPU
		{43B1B714-EBCC-4FFF-9852-790E4F1DCC04}.Release|x64.Build.0 = Release|Any CPU
		{43B1B714-EBCC-4FFF-9852-790E4F1DCC04}.Release|x86.ActiveCfg = Release|Any CPU
		{43B1B714-EBCC-4FFF-9852-790E4F1DCC04}.Release|x86.Build.0 = Release|Any CPU
	EndGlobalSection
	GlobalSection(SolutionProperties) = preSolution
		HideSolutionNode = FALSE
	EndGlobalSection
	GlobalSection(NestedProjects) = preSolution
		{813D868D-26A9-4EB9-9B00-A64FE69F6BD6} = {827E0CD3-B72D-47B6-A68D-7590B98EB39B}
		{388D23AF-9AE5-498C-A4C7-BCBDAE386BED} = {827E0CD3-B72D-47B6-A68D-7590B98EB39B}
		{DF3E19E1-B3C0-471B-B8E7-078FA6B63580} = {827E0CD3-B72D-47B6-A68D-7590B98EB39B}
		{43B1B714-EBCC-4FFF-9852-790E4F1DCC04} = {827E0CD3-B72D-47B6-A68D-7590B98EB39B}
	EndGlobalSection
EndGlobal
